
Microsoft Visual Studio Solution File, Format Version 12.00
# Visual Studio 2012
Project("{FAE04EC0-301F-11D3-BF4B-00C04F79EFBC}") = "ThreadPosta", "ThreadPosta\ThreadPosta.csproj", "{9806F7D0-9A27-49BA-83A6-72163EFF7BBE}"
EndProject
Global
	GlobalSection(SolutionConfigurationPlatforms) = preSolution
		Debug|Any CPU = Debug|Any CPU
		Release|Any CPU = Release|Any CPU
	EndGlobalSection
	GlobalSection(ProjectConfigurationPlatforms) = postSolution
		{9806F7D0-9A27-49BA-83A6-72163EFF7BBE}.Debug|Any CPU.ActiveCfg = Debug|Any CPU
		{9806F7D0-9A27-49BA-83A6-72163EFF7BBE}.Debug|Any CPU.Build.0 = Debug|Any CPU
		{9806F7D0-9A27-49BA-83A6-72163EFF7BBE}.Release|Any CPU.ActiveCfg = Release|Any CPU
		{9806F7D0-9A27-49BA-83A6-72163EFF7BBE}.Release|Any CPU.Build.0 = Release|Any CPU
	EndGlobalSection
	GlobalSection(SolutionProperties) = preSolution
		HideSolutionNode = FALSE
	EndGlobalSection
EndGlobal
